// !$*UTF8*$!
{
	archiveVersion = 1;
	classes = {
	};
	objectVersion = 46;
	objects = {

/* Begin PBXBuildFile section */
		6B53DCE11C4BC22500FF6EF7 /* main.swift in Sources */ = {isa = PBXBuildFile; fileRef = 6B53DCE01C4BC22500FF6EF7 /* main.swift */; };
		6B53DCEE1C4BC5C400FF6EF7 /* main.c in Sources */ = {isa = PBXBuildFile; fileRef = 6B53DCED1C4BC5C400FF6EF7 /* main.c */; };
/* End PBXBuildFile section */

/* Begin PBXCopyFilesBuildPhase section */
		6B53DCDB1C4BC22500FF6EF7 /* CopyFiles */ = {
			isa = PBXCopyFilesBuildPhase;
			buildActionMask = 2147483647;
			dstPath = /usr/share/man/man1/;
			dstSubfolderSpec = 0;
			files = (
			);
			runOnlyForDeploymentPostprocessing = 1;
		};
		6B53DCE91C4BC5C400FF6EF7 /* CopyFiles */ = {
			isa = PBXCopyFilesBuildPhase;
			buildActionMask = 2147483647;
			dstPath = /usr/share/man/man1/;
			dstSubfolderSpec = 0;
			files = (
			);
			runOnlyForDeploymentPostprocessing = 1;
		};
/* End PBXCopyFilesBuildPhase section */

/* Begin PBXFileReference section */
		6B53DCDD1C4BC22500FF6EF7 /* 遍历枚举 */ = {isa = PBXFileReference; explicitFileType = "compiled.mach-o.executable"; includeInIndex = 0; path = "遍历枚举"; sourceTree = BUILT_PRODUCTS_DIR; };
		6B53DCE01C4BC22500FF6EF7 /* main.swift */ = {isa = PBXFileReference; lastKnownFileType = sourcecode.swift; path = main.swift; sourceTree = "<group>"; };
		6B53DCEB1C4BC5C400FF6EF7 /* TEST-C */ = {isa = PBXFileReference; explicitFileType = "compiled.mach-o.executable"; includeInIndex = 0; path = "TEST-C"; sourceTree = BUILT_PRODUCTS_DIR; };
		6B53DCED1C4BC5C400FF6EF7 /* main.c */ = {isa = PBXFileReference; lastKnownFileType = sourcecode.c.c; path = main.c; sourceTree = "<group>"; };
/* End PBXFileReference section */

/* Begin PBXFrameworksBuildPhase section */
		6B53DCDA1C4BC22500FF6EF7 /* Frameworks */ = {
			isa = PBXFrameworksBuildPhase;
			buildActionMask = 2147483647;
			files = (
			);
			runOnlyForDeploymentPostprocessing = 0;
		};
		6B53DCE81C4BC5C400FF6EF7 /* Frameworks */ = {
			isa = PBXFrameworksBuildPhase;
			buildActionMask = 2147483647;
			files = (
			);
			runOnlyForDeploymentPostprocessing = 0;
		};
/* End PBXFrameworksBuildPhase section */

/* Begin PBXGroup section */
		6B53DCD41C4BC22500FF6EF7 = {
			isa = PBXGroup;
			children = (
				6B53DCDF1C4BC22500FF6EF7 /* 遍历枚举 */,
				6B53DCEC1C4BC5C400FF6EF7 /* TEST-C */,
				6B53DCDE1C4BC22500FF6EF7 /* Products */,
			);
			sourceTree = "<group>";
		};
		6B53DCDE1C4BC22500FF6EF7 /* Products */ = {
			isa = PBXGroup;
			children = (
				6B53DCDD1C4BC22500FF6EF7 /* 遍历枚举 */,
				6B53DCEB1C4BC5C400FF6EF7 /* TEST-C */,
			);
			name = Products;
			sourceTree = "<group>";
		};
		6B53DCDF1C4BC22500FF6EF7 /* 遍历枚举 */ = {
			isa = PBXGroup;
			children = (
				6B53DCE01C4BC22500FF6EF7 /* main.swift */,
			);
			path = "遍历枚举";
			sourceTree = "<group>";
		};
		6B53DCEC1C4BC5C400FF6EF7 /* TEST-C */ = {
			isa = PBXGroup;
			children = (
				6B53DCED1C4BC5C400FF6EF7 /* main.c */,
			);
			path = "TEST-C";
			sourceTree = "<group>";
		};
/* End PBXGroup section */

/* Begin PBXNativeTarget section */
		6B53DCDC1C4BC22500FF6EF7 /* 遍历枚举 */ = {
			isa = PBXNativeTarget;
			buildConfigurationList = 6B53DCE41C4BC22500FF6EF7 /* Build configuration list for PBXNativeTarget "遍历枚举" */;
			buildPhases = (
				6B53DCD91C4BC22500FF6EF7 /* Sources */,
				6B53DCDA1C4BC22500FF6EF7 /* Frameworks */,
				6B53DCDB1C4BC22500FF6EF7 /* CopyFiles */,
			);
			buildRules = (
			);
			dependencies = (
			);
			name = "遍历枚举";
			productName = "遍历枚举";
			productReference = 6B53DCDD1C4BC22500FF6EF7 /* 遍历枚举 */;
			productType = "com.apple.product-type.tool";
		};
		6B53DCEA1C4BC5C400FF6EF7 /* TEST-C */ = {
			isa = PBXNativeTarget;
			buildConfigurationList = 6B53DCEF1C4BC5C400FF6EF7 /* Build configuration list for PBXNativeTarget "TEST-C" */;
			buildPhases = (
				6B53DCE71C4BC5C400FF6EF7 /* Sources */,
				6B53DCE81C4BC5C400FF6EF7 /* Frameworks */,
				6B53DCE91C4BC5C400FF6EF7 /* CopyFiles */,
			);
			buildRules = (
			);
			dependencies = (
			);
			name = "TEST-C";
			productName = "TEST-C";
			productReference = 6B53DCEB1C4BC5C400FF6EF7 /* TEST-C */;
			productType = "com.apple.product-type.tool";
		};
/* End PBXNativeTarget section */

/* Begin PBXProject section */
		6B53DCD51C4BC22500FF6EF7 /* Project object */ = {
			isa = PBXProject;
			attributes = {
				LastSwiftUpdateCheck = 0720;
				LastUpgradeCheck = 0720;
				ORGANIZATIONNAME = LeonKang;
				TargetAttributes = {
					6B53DCDC1C4BC22500FF6EF7 = {
						CreatedOnToolsVersion = 7.2;
					};
					6B53DCEA1C4BC5C400FF6EF7 = {
						CreatedOnToolsVersion = 7.2;
					};
				};
			};
			buildConfigurationList = 6B53DCD81C4BC22500FF6EF7 /* Build configuration list for PBXProject "遍历枚举" */;
			compatibilityVersion = "Xcode 3.2";
			developmentRegion = English;
			hasScannedForEncodings = 0;
			knownRegions = (
				en,
			);
			mainGroup = 6B53DCD41C4BC22500FF6EF7;
			productRefGroup = 6B53DCDE1C4BC22500FF6EF7 /* Products */;
			projectDirPath = "";
			projectRoot = "";
			targets = (
				6B53DCDC1C4BC22500FF6EF7 /* 遍历枚举 */,
				6B53DCEA1C4BC5C400FF6EF7 /* TEST-C */,
			);
		};
/* End PBXProject section */

/* Begin PBXSourcesBuildPhase section */
		6B53DCD91C4BC22500FF6EF7 /* Sources */ = {
			isa = PBXSourcesBuildPhase;
			buildActionMask = 2147483647;
			files = (
				6B53DCE11C4BC22500FF6EF7 /* main.swift in Sources */,
			);
			runOnlyForDeploymentPostprocessing = 0;
		};
		6B53DCE71C4BC5C400FF6EF7 /* Sources */ = {
			isa = PBXSourcesBuildPhase;
			buildActionMask = 2147483647;
			files = (
				6B53DCEE1C4BC5C400FF6EF7 /* main.c in Sources */,
			);
			runOnlyForDeploymentPostprocessing = 0;
		};
/* End PBXSourcesBuildPhase section */

/* Begin XCBuildConfiguration section */
		6B53DCE21C4BC22500FF6EF7 /* Debug */ = {
			isa = XCBuildConfiguration;
			buildSettings = {
				ALWAYS_SEARCH_USER_PATHS = NO;
				CLANG_CXX_LANGUAGE_STANDARD = "gnu++0x";
				CLANG_CXX_LIBRARY = "libc++";
				CLANG_ENABLE_MODULES = YES;
				CLANG_ENABLE_OBJC_ARC = YES;
				CLANG_WARN_BOOL_CONVERSION = YES;
				CLANG_WARN_CONSTANT_CONVERSION = YES;
				CLANG_WARN_DIRECT_OBJC_ISA_USAGE = YES_ERROR;
				CLANG_WARN_EMPTY_BODY = YES;
				CLANG_WARN_ENUM_CONVERSION = YES;
				CLANG_WARN_INT_CONVERSION = YES;
				CLANG_WARN_OBJC_ROOT_CLASS = YES_ERROR;
				CLANG_WARN_UNREACHABLE_CODE = YES;
				CLANG_WARN__DUPLICATE_METHOD_MATCH = YES;
				CODE_SIGN_IDENTITY = "-";
				COPY_PHASE_STRIP = NO;
				DEBUG_INFORMATION_FORMAT = dwarf;
				ENABLE_STRICT_OBJC_MSGSEND = YES;
				ENABLE_TESTABILITY = YES;
				GCC_C_LANGUAGE_STANDARD = gnu99;
				GCC_DYNAMIC_NO_PIC = NO;
				GCC_NO_COMMON_BLOCKS = YES;
				GCC_OPTIMIZATION_LEVEL = 0;
				GCC_PREPROCESSOR_DEFINITIONS = (
					"DEBUG=1",
					"$(inherited)",
				);
				GCC_WARN_64_TO_32_BIT_CONVERSION = YES;
				GCC_WARN_ABOUT_RETURN_TYPE = YES_ERROR;
				GCC_WARN_UNDECLARED_SELECTOR = YES;
				GCC_WARN_UNINITIALIZED_AUTOS = YES_AGGRESSIVE;
				GCC_WARN_UNUSED_FUNCTION = YES;
				GCC_WARN_UNUSED_VARIABLE = YES;
				MACOSX_DEPLOYMENT_TARGET = 10.11;
				MTL_ENABLE_DEBUG_INFO = YES;
				ONLY_ACTIVE_ARCH = YES;
				SDKROOT = macosx;
				SWIFT_OPTIMIZATION_LEVEL = "-Onone";
			};
			name = Debug;
		};
		6B53DCE31C4BC22500FF6EF7 /* Release */ = {
			isa = XCBuildConfiguration;
			buildSettings = {
				ALWAYS_SEARCH_USER_PATHS = NO;
				CLANG_CXX_LANGUAGE_STANDARD = "gnu++0x";
				CLANG_CXX_LIBRARY = "libc++";
				CLANG_ENABLE_MODULES = YES;
				CLANG_ENABLE_OBJC_ARC = YES;
				CLANG_WARN_BOOL_CONVERSION = YES;
				CLANG_WARN_CONSTANT_CONVERSION = YES;
				CLANG_WARN_DIRECT_OBJC_ISA_USAGE = YES_ERROR;
				CLANG_WARN_EMPTY_BODY = YES;
				CLANG_WARN_ENUM_CONVERSION = YES;
				CLANG_WARN_INT_CONVERSION = YES;
				CLANG_WARN_OBJC_ROOT_CLASS = YES_ERROR;
				CLANG_WARN_UNREACHABLE_CODE = YES;
				CLANG_WARN__DUPLICATE_METHOD_MATCH = YES;
				CODE_SIGN_IDENTITY = "-";
				COPY_PHASE_STRIP = NO;
				DEBUG_INFORMATION_FORMAT = "dwarf-with-dsym";
				ENABLE_NS_ASSERTIONS = NO;
				ENABLE_STRICT_OBJC_MSGSEND = YES;
				GCC_C_LANGUAGE_STANDARD = gnu99;
				GCC_NO_COMMON_BLOCKS = YES;
				GCC_WARN_64_TO_32_BIT_CONVERSION = YES;
				GCC_WARN_ABOUT_RETURN_TYPE = YES_ERROR;
				GCC_WARN_UNDECLARED_SELECTOR = YES;
				GCC_WARN_UNINITIALIZED_AUTOS = YES_AGGRESSIVE;
				GCC_WARN_UNUSED_FUNCTION = YES;
				GCC_WARN_UNUSED_VARIABLE = YES;
				MACOSX_DEPLOYMENT_TARGET = 10.11;
				MTL_ENABLE_DEBUG_INFO = NO;
				SDKROOT = macosx;
			};
			name = Release;
		};
		6B53DCE51C4BC22500FF6EF7 /* Debug */ = {
			isa = XCBuildConfiguration;
			buildSettings = {
				PRODUCT_NAME = "$(TARGET_NAME)";
			};
			name = Debug;
		};
		6B53DCE61C4BC22500FF6EF7 /* Release */ = {
			isa = XCBuildConfiguration;
			buildSettings = {
				PRODUCT_NAME = "$(TARGET_NAME)";
			};
			name = Release;
		};
		6B53DCF01C4BC5C400FF6EF7 /* Debug */ = {
			isa = XCBuildConfiguration;
			buildSettings = {
				PRODUCT_NAME = "$(TARGET_NAME)";
			};
			name = Debug;
		};
		6B53DCF11C4BC5C400FF6EF7 /* Release */ = {
			isa = XCBuildConfiguration;
			buildSettings = {
				PRODUCT_NAME = "$(TARGET_NAME)";
			};
			name = Release;
		};
/* End XCBuildConfiguration section */

/* Begin XCConfigurationList section */
		6B53DCD81C4BC22500FF6EF7 /* Build configuration list for PBXProject "遍历枚举" */ = {
			isa = XCConfigurationList;
			buildConfigurations = (
				6B53DCE21C4BC22500FF6EF7 /* Debug */,
				6B53DCE31C4BC22500FF6EF7 /* Release */,
			);
			defaultConfigurationIsVisible = 0;
			defaultConfigurationName = Release;
		};
		6B53DCE41C4BC22500FF6EF7 /* Build configuration list for PBXNativeTarget "遍历枚举" */ = {
			isa = XCConfigurationList;
			buildConfigurations = (
				6B53DCE51C4BC22500FF6EF7 /* Debug */,
				6B53DCE61C4BC22500FF6EF7 /* Release */,
			);
			defaultConfigurationIsVisible = 0;
		};
		6B53DCEF1C4BC5C400FF6EF7 /* Build configuration list for PBXNativeTarget "TEST-C" */ = {
			isa = XCConfigurationList;
			buildConfigurations = (
				6B53DCF01C4BC5C400FF6EF7 /* Debug */,
				6B53DCF11C4BC5C400FF6EF7 /* Release */,
			);
			defaultConfigurationIsVisible = 0;
		};
/* End XCConfigurationList section */
	};
	rootObject = 6B53DCD51C4BC22500FF6EF7 /* Project object */;
}
