// !$*UTF8*$!
{
	archiveVersion = 1;
	classes = {
	};
	objectVersion = 46;
	objects = {

/* Begin PBXBuildFile section */
		6B88AB301B600ABF00B41A78 /* main.c in Sources */ = {isa = PBXBuildFile; fileRef = 6B88AB2F1B600ABF00B41A78 /* main.c */; };
/* End PBXBuildFile section */

/* Begin PBXCopyFilesBuildPhase section */
		6B88AB2A1B600ABF00B41A78 /* CopyFiles */ = {
			isa = PBXCopyFilesBuildPhase;
			buildActionMask = 2147483647;
			dstPath = /usr/share/man/man1/;
			dstSubfolderSpec = 0;
			files = (
			);
			runOnlyForDeploymentPostprocessing = 1;
		};
/* End PBXCopyFilesBuildPhase section */

/* Begin PBXFileReference section */
		6B88AB2C1B600ABF00B41A78 /* 回文判定 */ = {isa = PBXFileReference; explicitFileType = "compiled.mach-o.executable"; includeInIndex = 0; path = "回文判定"; sourceTree = BUILT_PRODUCTS_DIR; };
		6B88AB2F1B600ABF00B41A78 /* main.c */ = {isa = PBXFileReference; lastKnownFileType = sourcecode.c.c; path = main.c; sourceTree = "<group>"; };
/* End PBXFileReference section */

/* Begin PBXFrameworksBuildPhase section */
		6B88AB291B600ABF00B41A78 /* Frameworks */ = {
			isa = PBXFrameworksBuildPhase;
			buildActionMask = 2147483647;
			files = (
			);
			runOnlyForDeploymentPostprocessing = 0;
		};
/* End PBXFrameworksBuildPhase section */

/* Begin PBXGroup section */
		6B88AB231B600ABF00B41A78 = {
			isa = PBXGroup;
			children = (
				6B88AB2E1B600ABF00B41A78 /* 回文判定 */,
				6B88AB2D1B600ABF00B41A78 /* Products */,
			);
			sourceTree = "<group>";
		};
		6B88AB2D1B600ABF00B41A78 /* Products */ = {
			isa = PBXGroup;
			children = (
				6B88AB2C1B600ABF00B41A78 /* 回文判定 */,
			);
			name = Products;
			sourceTree = "<group>";
		};
		6B88AB2E1B600ABF00B41A78 /* 回文判定 */ = {
			isa = PBXGroup;
			children = (
				6B88AB2F1B600ABF00B41A78 /* main.c */,
			);
			path = "回文判定";
			sourceTree = "<group>";
		};
/* End PBXGroup section */

/* Begin PBXNativeTarget section */
		6B88AB2B1B600ABF00B41A78 /* 回文判定 */ = {
			isa = PBXNativeTarget;
			buildConfigurationList = 6B88AB331B600ABF00B41A78 /* Build configuration list for PBXNativeTarget "回文判定" */;
			buildPhases = (
				6B88AB281B600ABF00B41A78 /* Sources */,
				6B88AB291B600ABF00B41A78 /* Frameworks */,
				6B88AB2A1B600ABF00B41A78 /* CopyFiles */,
			);
			buildRules = (
			);
			dependencies = (
			);
			name = "回文判定";
			productName = "回文判定";
			productReference = 6B88AB2C1B600ABF00B41A78 /* 回文判定 */;
			productType = "com.apple.product-type.tool";
		};
/* End PBXNativeTarget section */

/* Begin PBXProject section */
		6B88AB241B600ABF00B41A78 /* Project object */ = {
			isa = PBXProject;
			attributes = {
				LastUpgradeCheck = 0640;
				ORGANIZATIONNAME = kl;
				TargetAttributes = {
					6B88AB2B1B600ABF00B41A78 = {
						CreatedOnToolsVersion = 6.4;
					};
				};
			};
			buildConfigurationList = 6B88AB271B600ABF00B41A78 /* Build configuration list for PBXProject "回文判定" */;
			compatibilityVersion = "Xcode 3.2";
			developmentRegion = English;
			hasScannedForEncodings = 0;
			knownRegions = (
				en,
			);
			mainGroup = 6B88AB231B600ABF00B41A78;
			productRefGroup = 6B88AB2D1B600ABF00B41A78 /* Products */;
			projectDirPath = "";
			projectRoot = "";
			targets = (
				6B88AB2B1B600ABF00B41A78 /* 回文判定 */,
			);
		};
/* End PBXProject section */

/* Begin PBXSourcesBuildPhase section */
		6B88AB281B600ABF00B41A78 /* Sources */ = {
			isa = PBXSourcesBuildPhase;
			buildActionMask = 2147483647;
			files = (
				6B88AB301B600ABF00B41A78 /* main.c in Sources */,
			);
			runOnlyForDeploymentPostprocessing = 0;
		};
/* End PBXSourcesBuildPhase section */

/* Begin XCBuildConfiguration section */
		6B88AB311B600ABF00B41A78 /* Debug */ = {
			isa = XCBuildConfiguration;
			buildSettings = {
				ALWAYS_SEARCH_USER_PATHS = NO;
				CLANG_CXX_LANGUAGE_STANDARD = "gnu++0x";
				CLANG_CXX_LIBRARY = "libc++";
				CLANG_ENABLE_MODULES = YES;
				CLANG_ENABLE_OBJC_ARC = YES;
				CLANG_WARN_BOOL_CONVERSION = YES;
				CLANG_WARN_CONSTANT_CONVERSION = YES;
				CLANG_WARN_DIRECT_OBJC_ISA_USAGE = YES_ERROR;
				CLANG_WARN_EMPTY_BODY = YES;
				CLANG_WARN_ENUM_CONVERSION = YES;
				CLANG_WARN_INT_CONVERSION = YES;
				CLANG_WARN_OBJC_ROOT_CLASS = YES_ERROR;
				CLANG_WARN_UNREACHABLE_CODE = YES;
				CLANG_WARN__DUPLICATE_METHOD_MATCH = YES;
				COPY_PHASE_STRIP = NO;
				DEBUG_INFORMATION_FORMAT = dwarf;
				ENABLE_STRICT_OBJC_MSGSEND = YES;
				GCC_C_LANGUAGE_STANDARD = gnu99;
				GCC_DYNAMIC_NO_PIC = NO;
				GCC_NO_COMMON_BLOCKS = YES;
				GCC_OPTIMIZATION_LEVEL = 0;
				GCC_PREPROCESSOR_DEFINITIONS = (
					"DEBUG=1",
					"$(inherited)",
				);
				GCC_SYMBOLS_PRIVATE_EXTERN = NO;
				GCC_WARN_64_TO_32_BIT_CONVERSION = YES;
				GCC_WARN_ABOUT_RETURN_TYPE = YES_ERROR;
				GCC_WARN_UNDECLARED_SELECTOR = YES;
				GCC_WARN_UNINITIALIZED_AUTOS = YES_AGGRESSIVE;
				GCC_WARN_UNUSED_FUNCTION = YES;
				GCC_WARN_UNUSED_VARIABLE = YES;
				MACOSX_DEPLOYMENT_TARGET = 10.10;
				MTL_ENABLE_DEBUG_INFO = YES;
				ONLY_ACTIVE_ARCH = YES;
				SDKROOT = macosx;
			};
			name = Debug;
		};
		6B88AB321B600ABF00B41A78 /* Release */ = {
			isa = XCBuildConfiguration;
			buildSettings = {
				ALWAYS_SEARCH_USER_PATHS = NO;
				CLANG_CXX_LANGUAGE_STANDARD = "gnu++0x";
				CLANG_CXX_LIBRARY = "libc++";
				CLANG_ENABLE_MODULES = YES;
				CLANG_ENABLE_OBJC_ARC = YES;
				CLANG_WARN_BOOL_CONVERSION = YES;
				CLANG_WARN_CONSTANT_CONVERSION = YES;
				CLANG_WARN_DIRECT_OBJC_ISA_USAGE = YES_ERROR;
				CLANG_WARN_EMPTY_BODY = YES;
				CLANG_WARN_ENUM_CONVERSION = YES;
				CLANG_WARN_INT_CONVERSION = YES;
				CLANG_WARN_OBJC_ROOT_CLASS = YES_ERROR;
				CLANG_WARN_UNREACHABLE_CODE = YES;
				CLANG_WARN__DUPLICATE_METHOD_MATCH = YES;
				COPY_PHASE_STRIP = NO;
				DEBUG_INFORMATION_FORMAT = "dwarf-with-dsym";
				ENABLE_NS_ASSERTIONS = NO;
				ENABLE_STRICT_OBJC_MSGSEND = YES;
				GCC_C_LANGUAGE_STANDARD = gnu99;
				GCC_NO_COMMON_BLOCKS = YES;
				GCC_WARN_64_TO_32_BIT_CONVERSION = YES;
				GCC_WARN_ABOUT_RETURN_TYPE = YES_ERROR;
				GCC_WARN_UNDECLARED_SELECTOR = YES;
				GCC_WARN_UNINITIALIZED_AUTOS = YES_AGGRESSIVE;
				GCC_WARN_UNUSED_FUNCTION = YES;
				GCC_WARN_UNUSED_VARIABLE = YES;
				MACOSX_DEPLOYMENT_TARGET = 10.10;
				MTL_ENABLE_DEBUG_INFO = NO;
				SDKROOT = macosx;
			};
			name = Release;
		};
		6B88AB341B600ABF00B41A78 /* Debug */ = {
			isa = XCBuildConfiguration;
			buildSettings = {
				PRODUCT_NAME = "$(TARGET_NAME)";
			};
			name = Debug;
		};
		6B88AB351B600ABF00B41A78 /* Release */ = {
			isa = XCBuildConfiguration;
			buildSettings = {
				PRODUCT_NAME = "$(TARGET_NAME)";
			};
			name = Release;
		};
/* End XCBuildConfiguration section */

/* Begin XCConfigurationList section */
		6B88AB271B600ABF00B41A78 /* Build configuration list for PBXProject "回文判定" */ = {
			isa = XCConfigurationList;
			buildConfigurations = (
				6B88AB311B600ABF00B41A78 /* Debug */,
				6B88AB321B600ABF00B41A78 /* Release */,
			);
			defaultConfigurationIsVisible = 0;
			defaultConfigurationName = Release;
		};
		6B88AB331B600ABF00B41A78 /* Build configuration list for PBXNativeTarget "回文判定" */ = {
			isa = XCConfigurationList;
			buildConfigurations = (
				6B88AB341B600ABF00B41A78 /* Debug */,
				6B88AB351B600ABF00B41A78 /* Release */,
			);
			defaultConfigurationIsVisible = 0;
		};
/* End XCConfigurationList section */
	};
	rootObject = 6B88AB241B600ABF00B41A78 /* Project object */;
}
